
Microsoft Visual Studio Solution File, Format Version 12.00
# Visual Studio 15
VisualStudioVersion = 15.0.28307.489
MinimumVisualStudioVersion = 10.0.40219.1
Project("{9A19103F-16F7-4668-BE54-9A1E7A4F7556}") = "Cartelera", "Cartelera\Cartelera.csproj", "{E5079E70-6464-4FE4-BA84-92B19A1462FB}"
EndProject
Global
	GlobalSection(SolutionConfigurationPlatforms) = preSolution
		Debug|Any CPU = Debug|Any CPU
		Release|Any CPU = Release|Any CPU
	EndGlobalSection
	GlobalSection(ProjectConfigurationPlatforms) = postSolution
		{E5079E70-6464-4FE4-BA84-92B19A1462FB}.Debug|Any CPU.ActiveCfg = Debug|Any CPU
		{E5079E70-6464-4FE4-BA84-92B19A1462FB}.Debug|Any CPU.Build.0 = Debug|Any CPU
		{E5079E70-6464-4FE4-BA84-92B19A1462FB}.Release|Any CPU.ActiveCfg = Release|Any CPU
		{E5079E70-6464-4FE4-BA84-92B19A1462FB}.Release|Any CPU.Build.0 = Release|Any CPU
	EndGlobalSection
	GlobalSection(SolutionProperties) = preSolution
		HideSolutionNode = FALSE
	EndGlobalSection
	GlobalSection(ExtensibilityGlobals) = postSolution
		SolutionGuid = {C0D3D67B-3FC9-4577-BDB2-9B1764557FB0}
	EndGlobalSection
EndGlobal
